
Microsoft Visual Studio Solution File, Format Version 12.00
# Visual Studio 2012
Project("{FAE04EC0-301F-11D3-BF4B-00C04F79EFBC}") = "CalDav.Server", "CalDav.Server\CalDav.Server.csproj", "{DDB10A63-4724-4729-8082-77A73F87CB4A}"
EndProject
Project("{FAE04EC0-301F-11D3-BF4B-00C04F79EFBC}") = "Console", "Console\Console.csproj", "{EE946C60-392B-4A4F-B0A5-9D9A32C283DD}"
EndProject
Project("{FAE04EC0-301F-11D3-BF4B-00C04F79EFBC}") = "Tests", "Tests\Tests.csproj", "{FABD2E1F-315B-4DCB-8DDA-FDE9263F99E1}"
EndProject
Project("{FAE04EC0-301F-11D3-BF4B-00C04F79EFBC}") = "CalDav", "CalDav\CalDav.csproj", "{01A4C4CF-5AD1-4324-A391-DC922C84BE1C}"
EndProject
Project("{FAE04EC0-301F-11D3-BF4B-00C04F79EFBC}") = "CalDav.Client", "CalDav.Client\CalDav.Client.csproj", "{1B9B42A0-A34B-4BF6-A5D5-21C46ED0D9B3}"
EndProject
Global
	GlobalSection(SolutionConfigurationPlatforms) = preSolution
		Debug|Any CPU = Debug|Any CPU
		Release|Any CPU = Release|Any CPU
	EndGlobalSection
	GlobalSection(ProjectConfigurationPlatforms) = postSolution
		{DDB10A63-4724-4729-8082-77A73F87CB4A}.Debug|Any CPU.ActiveCfg = Debug|Any CPU
		{DDB10A63-4724-4729-8082-77A73F87CB4A}.Debug|Any CPU.Build.0 = Debug|Any CPU
		{DDB10A63-4724-4729-8082-77A73F87CB4A}.Release|Any CPU.ActiveCfg = Release|Any CPU
		{DDB10A63-4724-4729-8082-77A73F87CB4A}.Release|Any CPU.Build.0 = Release|Any CPU
		{EE946C60-392B-4A4F-B0A5-9D9A32C283DD}.Debug|Any CPU.ActiveCfg = Debug|Any CPU
		{EE946C60-392B-4A4F-B0A5-9D9A32C283DD}.Debug|Any CPU.Build.0 = Debug|Any CPU
		{EE946C60-392B-4A4F-B0A5-9D9A32C283DD}.Release|Any CPU.ActiveCfg = Release|Any CPU
		{EE946C60-392B-4A4F-B0A5-9D9A32C283DD}.Release|Any CPU.Build.0 = Release|Any CPU
		{FABD2E1F-315B-4DCB-8DDA-FDE9263F99E1}.Debug|Any CPU.ActiveCfg = Debug|Any CPU
		{FABD2E1F-315B-4DCB-8DDA-FDE9263F99E1}.Debug|Any CPU.Build.0 = Debug|Any CPU
		{FABD2E1F-315B-4DCB-8DDA-FDE9263F99E1}.Release|Any CPU.ActiveCfg = Release|Any CPU
		{FABD2E1F-315B-4DCB-8DDA-FDE9263F99E1}.Release|Any CPU.Build.0 = Release|Any CPU
		{01A4C4CF-5AD1-4324-A391-DC922C84BE1C}.Debug|Any CPU.ActiveCfg = Debug|Any CPU
		{01A4C4CF-5AD1-4324-A391-DC922C84BE1C}.Debug|Any CPU.Build.0 = Debug|Any CPU
		{01A4C4CF-5AD1-4324-A391-DC922C84BE1C}.Release|Any CPU.ActiveCfg = Release|Any CPU
		{01A4C4CF-5AD1-4324-A391-DC922C84BE1C}.Release|Any CPU.Build.0 = Release|Any CPU
		{1B9B42A0-A34B-4BF6-A5D5-21C46ED0D9B3}.Debug|Any CPU.ActiveCfg = Debug|Any CPU
		{1B9B42A0-A34B-4BF6-A5D5-21C46ED0D9B3}.Debug|Any CPU.Build.0 = Debug|Any CPU
		{1B9B42A0-A34B-4BF6-A5D5-21C46ED0D9B3}.Release|Any CPU.ActiveCfg = Release|Any CPU
		{1B9B42A0-A34B-4BF6-A5D5-21C46ED0D9B3}.Release|Any CPU.Build.0 = Release|Any CPU
	EndGlobalSection
	GlobalSection(SolutionProperties) = preSolution
		HideSolutionNode = FALSE
	EndGlobalSection
EndGlobal
