
Microsoft Visual Studio Solution File, Format Version 12.00
# Visual Studio 2013
VisualStudioVersion = 12.0.30110.0
MinimumVisualStudioVersion = 10.0.40219.1
Project("{2150E333-8FDC-42A3-9474-1A3956D46DE8}") = ".nuget", ".nuget", "{9A2D1E8A-0F23-4431-8FAD-113F12F2AD96}"
	ProjectSection(SolutionItems) = preProject
		.nuget\NuGet.Config = .nuget\NuGet.Config
		.nuget\NuGet.exe = .nuget\NuGet.exe
		.nuget\NuGet.targets = .nuget\NuGet.targets
	EndProjectSection
EndProject
Project("{FAE04EC0-301F-11D3-BF4B-00C04F79EFBC}") = "Console", "Console\Console.csproj", "{EE946C60-392B-4A4F-B0A5-9D9A32C283DD}"
EndProject
Project("{FAE04EC0-301F-11D3-BF4B-00C04F79EFBC}") = "Tests", "Tests\Tests.csproj", "{FABD2E1F-315B-4DCB-8DDA-FDE9263F99E1}"
EndProject
Project("{FAE04EC0-301F-11D3-BF4B-00C04F79EFBC}") = "CalDav", "CalDav\CalDav.csproj", "{01A4C4CF-5AD1-4324-A391-DC922C84BE1C}"
EndProject
Project("{FAE04EC0-301F-11D3-BF4B-00C04F79EFBC}") = "Demo.MVC", "Demo.MVC\Demo.MVC.csproj", "{9164611E-4CAF-4FE1-B707-397CC1D515C0}"
EndProject
Global
	GlobalSection(SolutionConfigurationPlatforms) = preSolution
		Debug|Any CPU = Debug|Any CPU
		Release|Any CPU = Release|Any CPU
	EndGlobalSection
	GlobalSection(ProjectConfigurationPlatforms) = postSolution
		{EE946C60-392B-4A4F-B0A5-9D9A32C283DD}.Debug|Any CPU.ActiveCfg = Debug|Any CPU
		{EE946C60-392B-4A4F-B0A5-9D9A32C283DD}.Debug|Any CPU.Build.0 = Debug|Any CPU
		{EE946C60-392B-4A4F-B0A5-9D9A32C283DD}.Release|Any CPU.ActiveCfg = Release|Any CPU
		{EE946C60-392B-4A4F-B0A5-9D9A32C283DD}.Release|Any CPU.Build.0 = Release|Any CPU
		{FABD2E1F-315B-4DCB-8DDA-FDE9263F99E1}.Debug|Any CPU.ActiveCfg = Debug|Any CPU
		{FABD2E1F-315B-4DCB-8DDA-FDE9263F99E1}.Debug|Any CPU.Build.0 = Debug|Any CPU
		{FABD2E1F-315B-4DCB-8DDA-FDE9263F99E1}.Release|Any CPU.ActiveCfg = Release|Any CPU
		{FABD2E1F-315B-4DCB-8DDA-FDE9263F99E1}.Release|Any CPU.Build.0 = Release|Any CPU
		{01A4C4CF-5AD1-4324-A391-DC922C84BE1C}.Debug|Any CPU.ActiveCfg = Debug|Any CPU
		{01A4C4CF-5AD1-4324-A391-DC922C84BE1C}.Debug|Any CPU.Build.0 = Debug|Any CPU
		{01A4C4CF-5AD1-4324-A391-DC922C84BE1C}.Release|Any CPU.ActiveCfg = Release|Any CPU
		{01A4C4CF-5AD1-4324-A391-DC922C84BE1C}.Release|Any CPU.Build.0 = Release|Any CPU
		{9164611E-4CAF-4FE1-B707-397CC1D515C0}.Debug|Any CPU.ActiveCfg = Debug|Any CPU
		{9164611E-4CAF-4FE1-B707-397CC1D515C0}.Debug|Any CPU.Build.0 = Debug|Any CPU
		{9164611E-4CAF-4FE1-B707-397CC1D515C0}.Release|Any CPU.ActiveCfg = Release|Any CPU
		{9164611E-4CAF-4FE1-B707-397CC1D515C0}.Release|Any CPU.Build.0 = Release|Any CPU
	EndGlobalSection
	GlobalSection(SolutionProperties) = preSolution
		HideSolutionNode = FALSE
	EndGlobalSection
EndGlobal
